# This file is automatically @generated by Cargo.
# It is not intended for manual editing.
version = 3

[[package]]
name = "ahash"
version = "0.7.6"
source = "registry+https://github.com/rust-lang/crates.io-index"
checksum = "fcb51a0695d8f838b1ee009b3fbf66bda078cd64590202a864a8f3e8c4315c47"
dependencies = [
 "getrandom",
 "once_cell",
 "version_check",
]

[[package]]
name = "cfg-if"
version = "1.0.0"
source = "registry+https://github.com/rust-lang/crates.io-index"
checksum = "baf1de4339761588bc0619e3cbc0120ee582ebb74b53b4efbf79117bd2da40fd"

[[package]]
name = "day10_1"
version = "0.1.0"

[[package]]
name = "day10_2"
version = "0.1.0"

[[package]]
name = "day11_1"
version = "0.1.0"

[[package]]
name = "day11_2"
version = "0.1.0"

[[package]]
name = "day12_1"
version = "0.1.0"

[[package]]
name = "day12_2"
version = "0.1.0"
dependencies = [
 "ahash",
]

[[package]]
name = "day13_1"
version = "0.1.0"

[[package]]
name = "day14_1"
version = "0.1.0"

[[package]]
name = "day14_2"
version = "0.1.0"

[[package]]
name = "day15_1"
version = "0.1.0"

[[package]]
name = "day15_2"
version = "0.1.0"
dependencies = [
 "day15_1",
]

[[package]]
name = "day16_1"
version = "0.1.0"

[[package]]
name = "day17_1"
version = "0.1.0"

[[package]]
name = "day18_1"
version = "0.1.0"

[[package]]
name = "day18_2"
version = "0.1.0"
dependencies = [
 "day18_1",
]

[[package]]
name = "day19_1"
version = "0.1.0"

[[package]]
name = "day1_1"
version = "0.1.0"

[[package]]
name = "day1_2"
version = "0.1.0"

[[package]]
name = "day20_1"
version = "0.1.0"

[[package]]
name = "day21_1"
version = "0.1.0"

[[package]]
name = "day21_2"
version = "0.1.0"

[[package]]
name = "day22_1"
version = "0.1.0"

[[package]]
name = "day23_2"
version = "0.1.0"
dependencies = [
 "day15_1",
]

[[package]]
name = "day24_1"
version = "0.1.0"
dependencies = [
 "rand",
]

[[package]]
name = "day25_1"
version = "0.1.0"

[[package]]
name = "day2_1"
version = "0.1.0"

[[package]]
name = "day2_2"
version = "0.1.0"

[[package]]
name = "day3_1"
version = "0.1.0"

[[package]]
name = "day3_2"
version = "0.1.0"

[[package]]
name = "day4_1"
version = "0.1.0"

[[package]]
name = "day4_2"
version = "0.1.0"
dependencies = [
 "day4_1",
]

[[package]]
name = "day5_1"
version = "0.1.0"

[[package]]
name = "day5_2"
version = "0.1.0"
dependencies = [
 "day5_1",
]

[[package]]
name = "day6_1"
version = "0.1.0"

[[package]]
name = "day6_2"
version = "0.1.0"

[[package]]
name = "day7_1"
version = "0.1.0"

[[package]]
name = "day7_2"
version = "0.1.0"

[[package]]
name = "day8_1"
version = "0.1.0"

[[package]]
name = "day8_2"
version = "0.1.0"

[[package]]
name = "day9_1"
version = "0.1.0"

[[package]]
name = "day9_2"
version = "0.1.0"

[[package]]
name = "getrandom"
version = "0.2.3"
source = "registry+https://github.com/rust-lang/crates.io-index"
checksum = "7fcd999463524c52659517fe2cea98493cfe485d10565e7b0fb07dbba7ad2753"
dependencies = [
 "cfg-if",
 "libc",
 "wasi",
]

[[package]]
name = "libc"
version = "0.2.112"
source = "registry+https://github.com/rust-lang/crates.io-index"
checksum = "1b03d17f364a3a042d5e5d46b053bbbf82c92c9430c592dd4c064dc6ee997125"

[[package]]
name = "once_cell"
version = "1.9.0"
source = "registry+https://github.com/rust-lang/crates.io-index"
checksum = "da32515d9f6e6e489d7bc9d84c71b060db7247dc035bbe44eac88cf87486d8d5"

[[package]]
name = "ppv-lite86"
version = "0.2.16"
source = "registry+https://github.com/rust-lang/crates.io-index"
checksum = "eb9f9e6e233e5c4a35559a617bf40a4ec447db2e84c20b55a6f83167b7e57872"

[[package]]
name = "rand"
version = "0.8.4"
source = "registry+https://github.com/rust-lang/crates.io-index"
checksum = "2e7573632e6454cf6b99d7aac4ccca54be06da05aca2ef7423d22d27d4d4bcd8"
dependencies = [
 "libc",
 "rand_chacha",
 "rand_core",
 "rand_hc",
]

[[package]]
name = "rand_chacha"
version = "0.3.1"
source = "registry+https://github.com/rust-lang/crates.io-index"
checksum = "e6c10a63a0fa32252be49d21e7709d4d4baf8d231c2dbce1eaa8141b9b127d88"
dependencies = [
 "ppv-lite86",
 "rand_core",
]

[[package]]
name = "rand_core"
version = "0.6.3"
source = "registry+https://github.com/rust-lang/crates.io-index"
checksum = "d34f1408f55294453790c48b2f1ebbb1c5b4b7563eb1f418bcfcfdbb06ebb4e7"
dependencies = [
 "getrandom",
]

[[package]]
name = "rand_hc"
version = "0.3.1"
source = "registry+https://github.com/rust-lang/crates.io-index"
checksum = "d51e9f596de227fda2ea6c84607f5558e196eeaf43c986b724ba4fb8fdf497e7"
dependencies = [
 "rand_core",
]

[[package]]
name = "version_check"
version = "0.9.4"
source = "registry+https://github.com/rust-lang/crates.io-index"
checksum = "49874b5167b65d7193b8aba1567f5c7d93d001cafc34600cee003eda787e483f"

[[package]]
name = "wasi"
version = "0.10.2+wasi-snapshot-preview1"
source = "registry+https://github.com/rust-lang/crates.io-index"
checksum = "fd6fbd9a79829dd1ad0cc20627bf1ed606756a7f77edff7b66b7064f9cb327c6"

[[package]]
name = "y2021"
version = "0.1.0"
dependencies = [
 "day10_1",
 "day10_2",
 "day11_1",
 "day11_2",
 "day12_1",
 "day12_2",
 "day13_1",
 "day14_1",
 "day14_2",
 "day15_1",
 "day15_2",
 "day16_1",
 "day17_1",
 "day18_1",
 "day18_2",
 "day19_1",
 "day1_1",
 "day1_2",
 "day20_1",
 "day21_1",
 "day21_2",
 "day22_1",
 "day23_2",
 "day24_1",
 "day25_1",
 "day2_1",
 "day2_2",
 "day3_1",
 "day3_2",
 "day4_1",
 "day4_2",
 "day5_1",
 "day5_2",
 "day6_1",
 "day6_2",
 "day7_1",
 "day7_2",
 "day8_1",
 "day8_2",
 "day9_1",
 "day9_2",
]
