# This file is automatically @generated by Cargo.
# It is not intended for manual editing.
version = 3

[[package]]
name = "day10_1"
version = "0.1.0"

[[package]]
name = "day10_2"
version = "0.1.0"

[[package]]
name = "day11_1"
version = "0.1.0"

[[package]]
name = "day11_2"
version = "0.1.0"

[[package]]
name = "day12_1"
version = "0.1.0"

[[package]]
name = "day12_2"
version = "0.1.0"

[[package]]
name = "day13_1"
version = "0.1.0"

[[package]]
name = "day14_1"
version = "0.1.0"

[[package]]
name = "day14_2"
version = "0.1.0"

[[package]]
name = "day15_1"
version = "0.1.0"

[[package]]
name = "day15_2"
version = "0.1.0"
dependencies = [
 "day15_1",
]

[[package]]
name = "day16_1"
version = "0.1.0"

[[package]]
name = "day17_1"
version = "0.1.0"

[[package]]
name = "day18_1"
version = "0.1.0"

[[package]]
name = "day18_2"
version = "0.1.0"
dependencies = [
 "day18_1",
]

[[package]]
name = "day19_1"
version = "0.1.0"

[[package]]
name = "day1_1"
version = "0.1.0"

[[package]]
name = "day1_2"
version = "0.1.0"

[[package]]
name = "day20_1"
version = "0.1.0"

[[package]]
name = "day21_1"
version = "0.1.0"

[[package]]
name = "day22_1"
version = "0.1.0"

[[package]]
name = "day23_2"
version = "0.1.0"
dependencies = [
 "day15_1",
]

[[package]]
name = "day24_1"
version = "0.1.0"

[[package]]
name = "day25_1"
version = "0.1.0"

[[package]]
name = "day2_1"
version = "0.1.0"

[[package]]
name = "day2_2"
version = "0.1.0"

[[package]]
name = "day3_1"
version = "0.1.0"

[[package]]
name = "day3_2"
version = "0.1.0"

[[package]]
name = "day4_1"
version = "0.1.0"

[[package]]
name = "day4_2"
version = "0.1.0"
dependencies = [
 "day4_1",
]

[[package]]
name = "day5_1"
version = "0.1.0"

[[package]]
name = "day5_2"
version = "0.1.0"
dependencies = [
 "day5_1",
]

[[package]]
name = "day6_1"
version = "0.1.0"

[[package]]
name = "day6_2"
version = "0.1.0"

[[package]]
name = "day7_1"
version = "0.1.0"

[[package]]
name = "day7_2"
version = "0.1.0"

[[package]]
name = "day8_1"
version = "0.1.0"

[[package]]
name = "day8_2"
version = "0.1.0"

[[package]]
name = "day9_1"
version = "0.1.0"

[[package]]
name = "day9_2"
version = "0.1.0"

[[package]]
name = "y2021"
version = "0.1.0"
dependencies = [
 "day10_1",
 "day10_2",
 "day11_1",
 "day11_2",
 "day12_1",
 "day12_2",
 "day13_1",
 "day14_1",
 "day14_2",
 "day15_1",
 "day15_2",
 "day16_1",
 "day17_1",
 "day18_1",
 "day18_2",
 "day19_1",
 "day1_1",
 "day1_2",
 "day20_1",
 "day21_1",
 "day22_1",
 "day23_2",
 "day24_1",
 "day25_1",
 "day2_1",
 "day2_2",
 "day3_1",
 "day3_2",
 "day4_1",
 "day4_2",
 "day5_1",
 "day5_2",
 "day6_1",
 "day6_2",
 "day7_1",
 "day7_2",
 "day8_1",
 "day8_2",
 "day9_1",
 "day9_2",
]
